
Microsoft Visual Studio Solution File, Format Version 12.00
# Visual Studio Version 17
VisualStudioVersion = 17.10.34928.147
MinimumVisualStudioVersion = 10.0.40219.1
Project("{9A19103F-16F7-4668-BE54-9A1E7A4F7556}") = "SilpoCloneDiploma", "SilpoCloneDiploma\SilpoCloneDiploma.csproj", "{4DAF29E4-F3FF-4B73-ABCB-5D00811D9456}"
EndProject
Project("{9A19103F-16F7-4668-BE54-9A1E7A4F7556}") = "ApiGateway", "ApiGateway\ApiGateway.csproj", "{238D2210-6120-4AA6-B2E5-26865F15B5F1}"
EndProject
Project("{9A19103F-16F7-4668-BE54-9A1E7A4F7556}") = "ProductServiceApi", "ProductServiceApi\ProductServiceApi.csproj", "{9F2D5494-CECF-45E1-913B-FE6F88907CE9}"
EndProject
Project("{FAE04EC0-301F-11D3-BF4B-00C04F79EFBC}") = "PaymentServiceApi", "PaymentServiceApi\PaymentServiceApi.csproj", "{C993814B-7860-4789-8265-E2A633916DEE}"
EndProject
Global
	GlobalSection(SolutionConfigurationPlatforms) = preSolution
		Debug|Any CPU = Debug|Any CPU
		Release|Any CPU = Release|Any CPU
	EndGlobalSection
	GlobalSection(ProjectConfigurationPlatforms) = postSolution
		{4DAF29E4-F3FF-4B73-ABCB-5D00811D9456}.Debug|Any CPU.ActiveCfg = Debug|Any CPU
		{4DAF29E4-F3FF-4B73-ABCB-5D00811D9456}.Debug|Any CPU.Build.0 = Debug|Any CPU
		{4DAF29E4-F3FF-4B73-ABCB-5D00811D9456}.Release|Any CPU.ActiveCfg = Release|Any CPU
		{4DAF29E4-F3FF-4B73-ABCB-5D00811D9456}.Release|Any CPU.Build.0 = Release|Any CPU
		{238D2210-6120-4AA6-B2E5-26865F15B5F1}.Debug|Any CPU.ActiveCfg = Debug|Any CPU
		{238D2210-6120-4AA6-B2E5-26865F15B5F1}.Debug|Any CPU.Build.0 = Debug|Any CPU
		{238D2210-6120-4AA6-B2E5-26865F15B5F1}.Release|Any CPU.ActiveCfg = Release|Any CPU
		{238D2210-6120-4AA6-B2E5-26865F15B5F1}.Release|Any CPU.Build.0 = Release|Any CPU
		{9F2D5494-CECF-45E1-913B-FE6F88907CE9}.Debug|Any CPU.ActiveCfg = Debug|Any CPU
		{9F2D5494-CECF-45E1-913B-FE6F88907CE9}.Debug|Any CPU.Build.0 = Debug|Any CPU
		{9F2D5494-CECF-45E1-913B-FE6F88907CE9}.Release|Any CPU.ActiveCfg = Release|Any CPU
		{9F2D5494-CECF-45E1-913B-FE6F88907CE9}.Release|Any CPU.Build.0 = Release|Any CPU
		{C993814B-7860-4789-8265-E2A633916DEE}.Debug|Any CPU.ActiveCfg = Debug|Any CPU
		{C993814B-7860-4789-8265-E2A633916DEE}.Debug|Any CPU.Build.0 = Debug|Any CPU
		{C993814B-7860-4789-8265-E2A633916DEE}.Release|Any CPU.ActiveCfg = Release|Any CPU
		{C993814B-7860-4789-8265-E2A633916DEE}.Release|Any CPU.Build.0 = Release|Any CPU
	EndGlobalSection
	GlobalSection(SolutionProperties) = preSolution
		HideSolutionNode = FALSE
	EndGlobalSection
	GlobalSection(ExtensibilityGlobals) = postSolution
		SolutionGuid = {577E6AB9-9132-419F-A10C-378DDE2E39F1}
	EndGlobalSection
EndGlobal
